
Microsoft Visual Studio Solution File, Format Version 12.00
# Visual Studio Version 17
VisualStudioVersion = 17.7.34031.279
MinimumVisualStudioVersion = 10.0.40219.1
Project("{FAE04EC0-301F-11D3-BF4B-00C04F79EFBC}") = "GymBro.Api", "GymBro.Api\GymBro.Api.csproj", "{8E9AAA0E-009B-4B37-95E7-E2324591FA42}"
EndProject
Project("{FAE04EC0-301F-11D3-BF4B-00C04F79EFBC}") = "GymBro.Application", "GymBro.Application\GymBro.Application.csproj", "{3FC4D59B-FDCD-422A-9B55-80E19C5F0013}"
EndProject
Project("{FAE04EC0-301F-11D3-BF4B-00C04F79EFBC}") = "GymBro.Domain", "GymBro.Domain\GymBro.Domain.csproj", "{E2F9D3E1-23ED-4CA1-A497-422C341910CB}"
EndProject
Project("{FAE04EC0-301F-11D3-BF4B-00C04F79EFBC}") = "GymBro.Infrastructure", "GymBro.Infrastructure\GymBro.Infrastructure.csproj", "{DBF9F322-CC5F-48C8-897C-24D977A6FAB8}"
EndProject
Project("{FAE04EC0-301F-11D3-BF4B-00C04F79EFBC}") = "GymBro.Application.IntegrationTests", "GymBro.Application.IntegrationTests\GymBro.Application.IntegrationTests.csproj", "{1A696303-9B0E-4FE5-A41F-2F8C5C098C4B}"
EndProject
Project("{FAE04EC0-301F-11D3-BF4B-00C04F79EFBC}") = "GymBro.Infrastructure.IntegrationTests", "GymBro.Infrastructure.IntegrationTests\GymBro.Infrastructure.IntegrationTests.csproj", "{0F06EAA7-724A-4D05-9CDE-572554ABDE21}"
EndProject
Global
	GlobalSection(SolutionConfigurationPlatforms) = preSolution
		Debug|Any CPU = Debug|Any CPU
		Release|Any CPU = Release|Any CPU
	EndGlobalSection
	GlobalSection(ProjectConfigurationPlatforms) = postSolution
		{8E9AAA0E-009B-4B37-95E7-E2324591FA42}.Debug|Any CPU.ActiveCfg = Debug|Any CPU
		{8E9AAA0E-009B-4B37-95E7-E2324591FA42}.Debug|Any CPU.Build.0 = Debug|Any CPU
		{8E9AAA0E-009B-4B37-95E7-E2324591FA42}.Release|Any CPU.ActiveCfg = Release|Any CPU
		{8E9AAA0E-009B-4B37-95E7-E2324591FA42}.Release|Any CPU.Build.0 = Release|Any CPU
		{3FC4D59B-FDCD-422A-9B55-80E19C5F0013}.Debug|Any CPU.ActiveCfg = Debug|Any CPU
		{3FC4D59B-FDCD-422A-9B55-80E19C5F0013}.Debug|Any CPU.Build.0 = Debug|Any CPU
		{3FC4D59B-FDCD-422A-9B55-80E19C5F0013}.Release|Any CPU.ActiveCfg = Release|Any CPU
		{3FC4D59B-FDCD-422A-9B55-80E19C5F0013}.Release|Any CPU.Build.0 = Release|Any CPU
		{E2F9D3E1-23ED-4CA1-A497-422C341910CB}.Debug|Any CPU.ActiveCfg = Debug|Any CPU
		{E2F9D3E1-23ED-4CA1-A497-422C341910CB}.Debug|Any CPU.Build.0 = Debug|Any CPU
		{E2F9D3E1-23ED-4CA1-A497-422C341910CB}.Release|Any CPU.ActiveCfg = Release|Any CPU
		{E2F9D3E1-23ED-4CA1-A497-422C341910CB}.Release|Any CPU.Build.0 = Release|Any CPU
		{DBF9F322-CC5F-48C8-897C-24D977A6FAB8}.Debug|Any CPU.ActiveCfg = Debug|Any CPU
		{DBF9F322-CC5F-48C8-897C-24D977A6FAB8}.Debug|Any CPU.Build.0 = Debug|Any CPU
		{DBF9F322-CC5F-48C8-897C-24D977A6FAB8}.Release|Any CPU.ActiveCfg = Release|Any CPU
		{DBF9F322-CC5F-48C8-897C-24D977A6FAB8}.Release|Any CPU.Build.0 = Release|Any CPU
		{1A696303-9B0E-4FE5-A41F-2F8C5C098C4B}.Debug|Any CPU.ActiveCfg = Debug|Any CPU
		{1A696303-9B0E-4FE5-A41F-2F8C5C098C4B}.Debug|Any CPU.Build.0 = Debug|Any CPU
		{1A696303-9B0E-4FE5-A41F-2F8C5C098C4B}.Release|Any CPU.ActiveCfg = Release|Any CPU
		{1A696303-9B0E-4FE5-A41F-2F8C5C098C4B}.Release|Any CPU.Build.0 = Release|Any CPU
		{0F06EAA7-724A-4D05-9CDE-572554ABDE21}.Debug|Any CPU.ActiveCfg = Debug|Any CPU
		{0F06EAA7-724A-4D05-9CDE-572554ABDE21}.Debug|Any CPU.Build.0 = Debug|Any CPU
		{0F06EAA7-724A-4D05-9CDE-572554ABDE21}.Release|Any CPU.ActiveCfg = Release|Any CPU
		{0F06EAA7-724A-4D05-9CDE-572554ABDE21}.Release|Any CPU.Build.0 = Release|Any CPU
	EndGlobalSection
	GlobalSection(SolutionProperties) = preSolution
		HideSolutionNode = FALSE
	EndGlobalSection
	GlobalSection(ExtensibilityGlobals) = postSolution
		SolutionGuid = {79044A71-AC7E-4B64-825F-A64B8FCCA61A}
	EndGlobalSection
EndGlobal
